
Microsoft Visual Studio Solution File, Format Version 12.00
# Visual Studio Version 17
VisualStudioVersion = 17.7.34031.279
MinimumVisualStudioVersion = 10.0.40219.1
Project("{FAE04EC0-301F-11D3-BF4B-00C04F79EFBC}") = "inheritenance", "inheritenance.csproj", "{B9EADBAE-902E-4243-91A4-E6CA8C324B55}"
EndProject
Global
	GlobalSection(SolutionConfigurationPlatforms) = preSolution
		Debug|Any CPU = Debug|Any CPU
		Release|Any CPU = Release|Any CPU
	EndGlobalSection
	GlobalSection(ProjectConfigurationPlatforms) = postSolution
		{B9EADBAE-902E-4243-91A4-E6CA8C324B55}.Debug|Any CPU.ActiveCfg = Debug|Any CPU
		{B9EADBAE-902E-4243-91A4-E6CA8C324B55}.Debug|Any CPU.Build.0 = Debug|Any CPU
		{B9EADBAE-902E-4243-91A4-E6CA8C324B55}.Release|Any CPU.ActiveCfg = Release|Any CPU
		{B9EADBAE-902E-4243-91A4-E6CA8C324B55}.Release|Any CPU.Build.0 = Release|Any CPU
	EndGlobalSection
	GlobalSection(SolutionProperties) = preSolution
		HideSolutionNode = FALSE
	EndGlobalSection
	GlobalSection(ExtensibilityGlobals) = postSolution
		SolutionGuid = {EC44CD77-C25A-4DF2-9BC8-0CC8B7CEA679}
	EndGlobalSection
EndGlobal
